
Microsoft Visual Studio Solution File, Format Version 12.00
# Visual Studio Version 16
VisualStudioVersion = 16.0.31729.503
MinimumVisualStudioVersion = 10.0.40219.1
Project("{FAE04EC0-301F-11D3-BF4B-00C04F79EFBC}") = "rustbox", "rustbox\rustbox.csproj", "{C2D5A42D-035A-4A3F-8725-DA9D5192259E}"
EndProject
Global
	GlobalSection(SolutionConfigurationPlatforms) = preSolution
		Debug|Any CPU = Debug|Any CPU
		Debug|x64 = Debug|x64
		Release|Any CPU = Release|Any CPU
		Release|x64 = Release|x64
	EndGlobalSection
	GlobalSection(ProjectConfigurationPlatforms) = postSolution
		{C2D5A42D-035A-4A3F-8725-DA9D5192259E}.Debug|Any CPU.ActiveCfg = Debug|Any CPU
		{C2D5A42D-035A-4A3F-8725-DA9D5192259E}.Debug|Any CPU.Build.0 = Debug|Any CPU
		{C2D5A42D-035A-4A3F-8725-DA9D5192259E}.Debug|x64.ActiveCfg = Debug|x64
		{C2D5A42D-035A-4A3F-8725-DA9D5192259E}.Debug|x64.Build.0 = Debug|x64
		{C2D5A42D-035A-4A3F-8725-DA9D5192259E}.Release|Any CPU.ActiveCfg = Release|Any CPU
		{C2D5A42D-035A-4A3F-8725-DA9D5192259E}.Release|Any CPU.Build.0 = Release|Any CPU
		{C2D5A42D-035A-4A3F-8725-DA9D5192259E}.Release|x64.ActiveCfg = Release|x64
		{C2D5A42D-035A-4A3F-8725-DA9D5192259E}.Release|x64.Build.0 = Release|x64
	EndGlobalSection
	GlobalSection(SolutionProperties) = preSolution
		HideSolutionNode = FALSE
	EndGlobalSection
	GlobalSection(ExtensibilityGlobals) = postSolution
		SolutionGuid = {AE231143-2162-45FA-94FF-E641DE1C61E9}
	EndGlobalSection
EndGlobal
